
Microsoft Visual Studio Solution File, Format Version 11.00
# Visual Basic Express 2010
Project("{F184B08F-C81C-45F6-A57F-5ABD9991F28F}") = "Agregar Items Listbox", "Agregar Items Listbox\Agregar Items Listbox.vbproj", "{597797AA-F28D-4B24-8E7F-B4AEDCAC8985}"
EndProject
Global
	GlobalSection(SolutionConfigurationPlatforms) = preSolution
		Debug|Any CPU = Debug|Any CPU
		Release|Any CPU = Release|Any CPU
	EndGlobalSection
	GlobalSection(ProjectConfigurationPlatforms) = postSolution
		{597797AA-F28D-4B24-8E7F-B4AEDCAC8985}.Debug|Any CPU.ActiveCfg = Debug|Any CPU
		{597797AA-F28D-4B24-8E7F-B4AEDCAC8985}.Debug|Any CPU.Build.0 = Debug|Any CPU
		{597797AA-F28D-4B24-8E7F-B4AEDCAC8985}.Release|Any CPU.ActiveCfg = Release|Any CPU
		{597797AA-F28D-4B24-8E7F-B4AEDCAC8985}.Release|Any CPU.Build.0 = Release|Any CPU
	EndGlobalSection
	GlobalSection(SolutionProperties) = preSolution
		HideSolutionNode = FALSE
	EndGlobalSection
EndGlobal
