
Microsoft Visual Studio Solution File, Format Version 10.00
# Visual Studio 2008
Project("{8BC9CEB8-8B4A-11D0-8D11-00A0C91BC942}") = "Project", "Project\Project.vcproj", "{947DB6E7-A64C-49AD-A6E7-47B61DCF99CA}"
EndProject
Global
	GlobalSection(SolutionConfigurationPlatforms) = preSolution
		Debug|Win32 = Debug|Win32
		Release|Win32 = Release|Win32
	EndGlobalSection
	GlobalSection(ProjectConfigurationPlatforms) = postSolution
		{947DB6E7-A64C-49AD-A6E7-47B61DCF99CA}.Debug|Win32.ActiveCfg = Debug|Win32
		{947DB6E7-A64C-49AD-A6E7-47B61DCF99CA}.Debug|Win32.Build.0 = Debug|Win32
		{947DB6E7-A64C-49AD-A6E7-47B61DCF99CA}.Release|Win32.ActiveCfg = Release|Win32
		{947DB6E7-A64C-49AD-A6E7-47B61DCF99CA}.Release|Win32.Build.0 = Release|Win32
	EndGlobalSection
	GlobalSection(SolutionProperties) = preSolution
		HideSolutionNode = FALSE
	EndGlobalSection
EndGlobal
