
Microsoft Visual Studio Solution File, Format Version 10.00
# Visual Studio 2008
Project("{F184B08F-C81C-45F6-A57F-5ABD9991F28F}") = "MiJuego7", "MiJuego7\MiJuego7.vbproj", "{39ABB235-87CE-44DE-B878-232516C69719}"
EndProject
Global
	GlobalSection(SolutionConfigurationPlatforms) = preSolution
		Debug|Any CPU = Debug|Any CPU
		Release|Any CPU = Release|Any CPU
	EndGlobalSection
	GlobalSection(ProjectConfigurationPlatforms) = postSolution
		{39ABB235-87CE-44DE-B878-232516C69719}.Debug|Any CPU.ActiveCfg = Debug|Any CPU
		{39ABB235-87CE-44DE-B878-232516C69719}.Debug|Any CPU.Build.0 = Debug|Any CPU
		{39ABB235-87CE-44DE-B878-232516C69719}.Release|Any CPU.ActiveCfg = Release|Any CPU
		{39ABB235-87CE-44DE-B878-232516C69719}.Release|Any CPU.Build.0 = Release|Any CPU
	EndGlobalSection
	GlobalSection(SolutionProperties) = preSolution
		HideSolutionNode = FALSE
	EndGlobalSection
EndGlobal
