
Microsoft Visual Studio Solution File, Format Version 11.00
# Visual Studio 2010
Project("{F184B08F-C81C-45F6-A57F-5ABD9991F28F}") = "item repetido en lista", "item repetido en lista\item repetido en lista.vbproj", "{42EB25DB-2E12-4A62-AC7D-88C0B5D8786C}"
EndProject
Global
	GlobalSection(SolutionConfigurationPlatforms) = preSolution
		Debug|x86 = Debug|x86
		Release|x86 = Release|x86
	EndGlobalSection
	GlobalSection(ProjectConfigurationPlatforms) = postSolution
		{42EB25DB-2E12-4A62-AC7D-88C0B5D8786C}.Debug|x86.ActiveCfg = Debug|x86
		{42EB25DB-2E12-4A62-AC7D-88C0B5D8786C}.Debug|x86.Build.0 = Debug|x86
		{42EB25DB-2E12-4A62-AC7D-88C0B5D8786C}.Release|x86.ActiveCfg = Release|x86
		{42EB25DB-2E12-4A62-AC7D-88C0B5D8786C}.Release|x86.Build.0 = Release|x86
	EndGlobalSection
	GlobalSection(SolutionProperties) = preSolution
		HideSolutionNode = FALSE
	EndGlobalSection
EndGlobal
